
Microsoft Visual Studio Solution File, Format Version 12.00
# Visual Studio 15
VisualStudioVersion = 15.0.28307.421
MinimumVisualStudioVersion = 10.0.40219.1
Project("{FAE04EC0-301F-11D3-BF4B-00C04F79EFBC}") = "Assignment_3", "Assignment_3\Assignment_3.csproj", "{4A6C8EF8-5609-44F6-933B-B81155AA5457}"
EndProject
Global
	GlobalSection(SolutionConfigurationPlatforms) = preSolution
		Debug|Any CPU = Debug|Any CPU
		Release|Any CPU = Release|Any CPU
	EndGlobalSection
	GlobalSection(ProjectConfigurationPlatforms) = postSolution
		{4A6C8EF8-5609-44F6-933B-B81155AA5457}.Debug|Any CPU.ActiveCfg = Debug|Any CPU
		{4A6C8EF8-5609-44F6-933B-B81155AA5457}.Debug|Any CPU.Build.0 = Debug|Any CPU
		{4A6C8EF8-5609-44F6-933B-B81155AA5457}.Release|Any CPU.ActiveCfg = Release|Any CPU
		{4A6C8EF8-5609-44F6-933B-B81155AA5457}.Release|Any CPU.Build.0 = Release|Any CPU
	EndGlobalSection
	GlobalSection(SolutionProperties) = preSolution
		HideSolutionNode = FALSE
	EndGlobalSection
	GlobalSection(ExtensibilityGlobals) = postSolution
		SolutionGuid = {C8C74B5E-4D94-4EDF-BB34-29FA0F9879B6}
	EndGlobalSection
EndGlobal
