
Microsoft Visual Studio Solution File, Format Version 12.00
# Visual Studio 15
VisualStudioVersion = 15.0.28307.421
MinimumVisualStudioVersion = 10.0.40219.1
Project("{FAE04EC0-301F-11D3-BF4B-00C04F79EFBC}") = "Assignment-1", "Assignment-1\Assignment-1.csproj", "{5CB184B1-E2AE-4339-A544-00BD8D0B1AD4}"
EndProject
Global
	GlobalSection(SolutionConfigurationPlatforms) = preSolution
		Debug|Any CPU = Debug|Any CPU
		Release|Any CPU = Release|Any CPU
	EndGlobalSection
	GlobalSection(ProjectConfigurationPlatforms) = postSolution
		{5CB184B1-E2AE-4339-A544-00BD8D0B1AD4}.Debug|Any CPU.ActiveCfg = Debug|Any CPU
		{5CB184B1-E2AE-4339-A544-00BD8D0B1AD4}.Debug|Any CPU.Build.0 = Debug|Any CPU
		{5CB184B1-E2AE-4339-A544-00BD8D0B1AD4}.Release|Any CPU.ActiveCfg = Release|Any CPU
		{5CB184B1-E2AE-4339-A544-00BD8D0B1AD4}.Release|Any CPU.Build.0 = Release|Any CPU
	EndGlobalSection
	GlobalSection(SolutionProperties) = preSolution
		HideSolutionNode = FALSE
	EndGlobalSection
	GlobalSection(ExtensibilityGlobals) = postSolution
		SolutionGuid = {F6917713-86B3-4178-9375-DF1456C88339}
	EndGlobalSection
EndGlobal
